
Microsoft Visual Studio Solution File, Format Version 12.00
# Visual Studio Version 16
VisualStudioVersion = 16.0.29806.167
MinimumVisualStudioVersion = 10.0.40219.1
Project("{9A19103F-16F7-4668-BE54-9A1E7A4F7556}") = "Rayiah", "Rayiah\Rayiah.csproj", "{6736771B-5303-4566-93E0-0036EEC1A0A9}"
EndProject
Project("{2150E333-8FDC-42A3-9474-1A3956D46DE8}") = "Solution Items", "Solution Items", "{48478494-F696-4C7A-886A-ED5D49D7B161}"
	ProjectSection(SolutionItems) = preProject
		.editorconfig = .editorconfig
	EndProjectSection
EndProject
Global
	GlobalSection(SolutionConfigurationPlatforms) = preSolution
		Debug|Any CPU = Debug|Any CPU
		Release|Any CPU = Release|Any CPU
	EndGlobalSection
	GlobalSection(ProjectConfigurationPlatforms) = postSolution
		{6736771B-5303-4566-93E0-0036EEC1A0A9}.Debug|Any CPU.ActiveCfg = Debug|Any CPU
		{6736771B-5303-4566-93E0-0036EEC1A0A9}.Debug|Any CPU.Build.0 = Debug|Any CPU
		{6736771B-5303-4566-93E0-0036EEC1A0A9}.Release|Any CPU.ActiveCfg = Release|Any CPU
		{6736771B-5303-4566-93E0-0036EEC1A0A9}.Release|Any CPU.Build.0 = Release|Any CPU
	EndGlobalSection
	GlobalSection(SolutionProperties) = preSolution
		HideSolutionNode = FALSE
	EndGlobalSection
	GlobalSection(ExtensibilityGlobals) = postSolution
		SolutionGuid = {C4EF1205-6EBD-47A7-BFAC-7C8C53677D1B}
	EndGlobalSection
EndGlobal
